// !$*UTF8*$!
{
	archiveVersion = 1;
	classes = {
	};
	objectVersion = 56;
	objects = {

/* Begin PBXBuildFile section */
		3F2FC79E2A6129570036AA88 /* AppDelegate.swift in Sources */ = {isa = PBXBuildFile; fileRef = 3F2FC79D2A6129570036AA88 /* AppDelegate.swift */; };
		3F2FC7A02A6129570036AA88 /* SceneDelegate.swift in Sources */ = {isa = PBXBuildFile; fileRef = 3F2FC79F2A6129570036AA88 /* SceneDelegate.swift */; };
		3F2FC7A22A6129570036AA88 /* ViewController.swift in Sources */ = {isa = PBXBuildFile; fileRef = 3F2FC7A12A6129570036AA88 /* ViewController.swift */; };
		3F2FC7A52A6129570036AA88 /* Main.storyboard in Resources */ = {isa = PBXBuildFile; fileRef = 3F2FC7A32A6129570036AA88 /* Main.storyboard */; };
		3F2FC7A72A6129580036AA88 /* Assets.xcassets in Resources */ = {isa = PBXBuildFile; fileRef = 3F2FC7A62A6129580036AA88 /* Assets.xcassets */; };
		3F2FC7AA2A6129580036AA88 /* LaunchScreen.storyboard in Resources */ = {isa = PBXBuildFile; fileRef = 3F2FC7A82A6129580036AA88 /* LaunchScreen.storyboard */; };
		3F2FC7B52A6129580036AA88 /* addTasksTests.swift in Sources */ = {isa = PBXBuildFile; fileRef = 3F2FC7B42A6129580036AA88 /* addTasksTests.swift */; };
		3F2FC7BF2A6129580036AA88 /* addTasksUITests.swift in Sources */ = {isa = PBXBuildFile; fileRef = 3F2FC7BE2A6129580036AA88 /* addTasksUITests.swift */; };
		3F2FC7C12A6129580036AA88 /* addTasksUITestsLaunchTests.swift in Sources */ = {isa = PBXBuildFile; fileRef = 3F2FC7C02A6129580036AA88 /* addTasksUITestsLaunchTests.swift */; };
/* End PBXBuildFile section */

/* Begin PBXContainerItemProxy section */
		3F2FC7B12A6129580036AA88 /* PBXContainerItemProxy */ = {
			isa = PBXContainerItemProxy;
			containerPortal = 3F2FC7922A6129570036AA88 /* Project object */;
			proxyType = 1;
			remoteGlobalIDString = 3F2FC7992A6129570036AA88;
			remoteInfo = addTasks;
		};
		3F2FC7BB2A6129580036AA88 /* PBXContainerItemProxy */ = {
			isa = PBXContainerItemProxy;
			containerPortal = 3F2FC7922A6129570036AA88 /* Project object */;
			proxyType = 1;
			remoteGlobalIDString = 3F2FC7992A6129570036AA88;
			remoteInfo = addTasks;
		};
/* End PBXContainerItemProxy section */

/* Begin PBXFileReference section */
		3F2FC79A2A6129570036AA88 /* addTasks.app */ = {isa = PBXFileReference; explicitFileType = wrapper.application; includeInIndex = 0; path = addTasks.app; sourceTree = BUILT_PRODUCTS_DIR; };
		3F2FC79D2A6129570036AA88 /* AppDelegate.swift */ = {isa = PBXFileReference; lastKnownFileType = sourcecode.swift; path = AppDelegate.swift; sourceTree = "<group>"; };
		3F2FC79F2A6129570036AA88 /* SceneDelegate.swift */ = {isa = PBXFileReference; lastKnownFileType = sourcecode.swift; path = SceneDelegate.swift; sourceTree = "<group>"; };
		3F2FC7A12A6129570036AA88 /* ViewController.swift */ = {isa = PBXFileReference; lastKnownFileType = sourcecode.swift; path = ViewController.swift; sourceTree = "<group>"; };
		3F2FC7A42A6129570036AA88 /* Base */ = {isa = PBXFileReference; lastKnownFileType = file.storyboard; name = Base; path = Base.lproj/Main.storyboard; sourceTree = "<group>"; };
		3F2FC7A62A6129580036AA88 /* Assets.xcassets */ = {isa = PBXFileReference; lastKnownFileType = folder.assetcatalog; path = Assets.xcassets; sourceTree = "<group>"; };
		3F2FC7A92A6129580036AA88 /* Base */ = {isa = PBXFileReference; lastKnownFileType = file.storyboard; name = Base; path = Base.lproj/LaunchScreen.storyboard; sourceTree = "<group>"; };
		3F2FC7AB2A6129580036AA88 /* Info.plist */ = {isa = PBXFileReference; lastKnownFileType = text.plist.xml; path = Info.plist; sourceTree = "<group>"; };
		3F2FC7B02A6129580036AA88 /* addTasksTests.xctest */ = {isa = PBXFileReference; explicitFileType = wrapper.cfbundle; includeInIndex = 0; path = addTasksTests.xctest; sourceTree = BUILT_PRODUCTS_DIR; };
		3F2FC7B42A6129580036AA88 /* addTasksTests.swift */ = {isa = PBXFileReference; lastKnownFileType = sourcecode.swift; path = addTasksTests.swift; sourceTree = "<group>"; };
		3F2FC7BA2A6129580036AA88 /* addTasksUITests.xctest */ = {isa = PBXFileReference; explicitFileType = wrapper.cfbundle; includeInIndex = 0; path = addTasksUITests.xctest; sourceTree = BUILT_PRODUCTS_DIR; };
		3F2FC7BE2A6129580036AA88 /* addTasksUITests.swift */ = {isa = PBXFileReference; lastKnownFileType = sourcecode.swift; path = addTasksUITests.swift; sourceTree = "<group>"; };
		3F2FC7C02A6129580036AA88 /* addTasksUITestsLaunchTests.swift */ = {isa = PBXFileReference; lastKnownFileType = sourcecode.swift; path = addTasksUITestsLaunchTests.swift; sourceTree = "<group>"; };
/* End PBXFileReference section */

/* Begin PBXFrameworksBuildPhase section */
		3F2FC7972A6129570036AA88 /* Frameworks */ = {
			isa = PBXFrameworksBuildPhase;
			buildActionMask = 2147483647;
			files = (
			);
			runOnlyForDeploymentPostprocessing = 0;
		};
		3F2FC7AD2A6129580036AA88 /* Frameworks */ = {
			isa = PBXFrameworksBuildPhase;
			buildActionMask = 2147483647;
			files = (
			);
			runOnlyForDeploymentPostprocessing = 0;
		};
		3F2FC7B72A6129580036AA88 /* Frameworks */ = {
			isa = PBXFrameworksBuildPhase;
			buildActionMask = 2147483647;
			files = (
			);
			runOnlyForDeploymentPostprocessing = 0;
		};
/* End PBXFrameworksBuildPhase section */

/* Begin PBXGroup section */
		3F2FC7912A6129570036AA88 = {
			isa = PBXGroup;
			children = (
				3F2FC79C2A6129570036AA88 /* addTasks */,
				3F2FC7B32A6129580036AA88 /* addTasksTests */,
				3F2FC7BD2A6129580036AA88 /* addTasksUITests */,
				3F2FC79B2A6129570036AA88 /* Products */,
			);
			sourceTree = "<group>";
		};
		3F2FC79B2A6129570036AA88 /* Products */ = {
			isa = PBXGroup;
			children = (
				3F2FC79A2A6129570036AA88 /* addTasks.app */,
				3F2FC7B02A6129580036AA88 /* addTasksTests.xctest */,
				3F2FC7BA2A6129580036AA88 /* addTasksUITests.xctest */,
			);
			name = Products;
			sourceTree = "<group>";
		};
		3F2FC79C2A6129570036AA88 /* addTasks */ = {
			isa = PBXGroup;
			children = (
				3F2FC79D2A6129570036AA88 /* AppDelegate.swift */,
				3F2FC79F2A6129570036AA88 /* SceneDelegate.swift */,
				3F2FC7A12A6129570036AA88 /* ViewController.swift */,
				3F2FC7A32A6129570036AA88 /* Main.storyboard */,
				3F2FC7A62A6129580036AA88 /* Assets.xcassets */,
				3F2FC7A82A6129580036AA88 /* LaunchScreen.storyboard */,
				3F2FC7AB2A6129580036AA88 /* Info.plist */,
			);
			path = addTasks;
			sourceTree = "<group>";
		};
		3F2FC7B32A6129580036AA88 /* addTasksTests */ = {
			isa = PBXGroup;
			children = (
				3F2FC7B42A6129580036AA88 /* addTasksTests.swift */,
			);
			path = addTasksTests;
			sourceTree = "<group>";
		};
		3F2FC7BD2A6129580036AA88 /* addTasksUITests */ = {
			isa = PBXGroup;
			children = (
				3F2FC7BE2A6129580036AA88 /* addTasksUITests.swift */,
				3F2FC7C02A6129580036AA88 /* addTasksUITestsLaunchTests.swift */,
			);
			path = addTasksUITests;
			sourceTree = "<group>";
		};
/* End PBXGroup section */

/* Begin PBXNativeTarget section */
		3F2FC7992A6129570036AA88 /* addTasks */ = {
			isa = PBXNativeTarget;
			buildConfigurationList = 3F2FC7C42A6129580036AA88 /* Build configuration list for PBXNativeTarget "addTasks" */;
			buildPhases = (
				3F2FC7962A6129570036AA88 /* Sources */,
				3F2FC7972A6129570036AA88 /* Frameworks */,
				3F2FC7982A6129570036AA88 /* Resources */,
			);
			buildRules = (
			);
			dependencies = (
			);
			name = addTasks;
			productName = addTasks;
			productReference = 3F2FC79A2A6129570036AA88 /* addTasks.app */;
			productType = "com.apple.product-type.application";
		};
		3F2FC7AF2A6129580036AA88 /* addTasksTests */ = {
			isa = PBXNativeTarget;
			buildConfigurationList = 3F2FC7C72A6129590036AA88 /* Build configuration list for PBXNativeTarget "addTasksTests" */;
			buildPhases = (
				3F2FC7AC2A6129580036AA88 /* Sources */,
				3F2FC7AD2A6129580036AA88 /* Frameworks */,
				3F2FC7AE2A6129580036AA88 /* Resources */,
			);
			buildRules = (
			);
			dependencies = (
				3F2FC7B22A6129580036AA88 /* PBXTargetDependency */,
			);
			name = addTasksTests;
			productName = addTasksTests;
			productReference = 3F2FC7B02A6129580036AA88 /* addTasksTests.xctest */;
			productType = "com.apple.product-type.bundle.unit-test";
		};
		3F2FC7B92A6129580036AA88 /* addTasksUITests */ = {
			isa = PBXNativeTarget;
			buildConfigurationList = 3F2FC7CA2A6129590036AA88 /* Build configuration list for PBXNativeTarget "addTasksUITests" */;
			buildPhases = (
				3F2FC7B62A6129580036AA88 /* Sources */,
				3F2FC7B72A6129580036AA88 /* Frameworks */,
				3F2FC7B82A6129580036AA88 /* Resources */,
			);
			buildRules = (
			);
			dependencies = (
				3F2FC7BC2A6129580036AA88 /* PBXTargetDependency */,
			);
			name = addTasksUITests;
			productName = addTasksUITests;
			productReference = 3F2FC7BA2A6129580036AA88 /* addTasksUITests.xctest */;
			productType = "com.apple.product-type.bundle.ui-testing";
		};
/* End PBXNativeTarget section */

/* Begin PBXProject section */
		3F2FC7922A6129570036AA88 /* Project object */ = {
			isa = PBXProject;
			attributes = {
				BuildIndependentTargetsInParallel = 1;
				LastSwiftUpdateCheck = 1420;
				LastUpgradeCheck = 1420;
				TargetAttributes = {
					3F2FC7992A6129570036AA88 = {
						CreatedOnToolsVersion = 14.2;
					};
					3F2FC7AF2A6129580036AA88 = {
						CreatedOnToolsVersion = 14.2;
						TestTargetID = 3F2FC7992A6129570036AA88;
					};
					3F2FC7B92A6129580036AA88 = {
						CreatedOnToolsVersion = 14.2;
						TestTargetID = 3F2FC7992A6129570036AA88;
					};
				};
			};
			buildConfigurationList = 3F2FC7952A6129570036AA88 /* Build configuration list for PBXProject "addTasks" */;
			compatibilityVersion = "Xcode 14.0";
			developmentRegion = en;
			hasScannedForEncodings = 0;
			knownRegions = (
				en,
				Base,
			);
			mainGroup = 3F2FC7912A6129570036AA88;
			productRefGroup = 3F2FC79B2A6129570036AA88 /* Products */;
			projectDirPath = "";
			projectRoot = "";
			targets = (
				3F2FC7992A6129570036AA88 /* addTasks */,
				3F2FC7AF2A6129580036AA88 /* addTasksTests */,
				3F2FC7B92A6129580036AA88 /* addTasksUITests */,
			);
		};
/* End PBXProject section */

/* Begin PBXResourcesBuildPhase section */
		3F2FC7982A6129570036AA88 /* Resources */ = {
			isa = PBXResourcesBuildPhase;
			buildActionMask = 2147483647;
			files = (
				3F2FC7AA2A6129580036AA88 /* LaunchScreen.storyboard in Resources */,
				3F2FC7A72A6129580036AA88 /* Assets.xcassets in Resources */,
				3F2FC7A52A6129570036AA88 /* Main.storyboard in Resources */,
			);
			runOnlyForDeploymentPostprocessing = 0;
		};
		3F2FC7AE2A6129580036AA88 /* Resources */ = {
			isa = PBXResourcesBuildPhase;
			buildActionMask = 2147483647;
			files = (
			);
			runOnlyForDeploymentPostprocessing = 0;
		};
		3F2FC7B82A6129580036AA88 /* Resources */ = {
			isa = PBXResourcesBuildPhase;
			buildActionMask = 2147483647;
			files = (
			);
			runOnlyForDeploymentPostprocessing = 0;
		};
/* End PBXResourcesBuildPhase section */

/* Begin PBXSourcesBuildPhase section */
		3F2FC7962A6129570036AA88 /* Sources */ = {
			isa = PBXSourcesBuildPhase;
			buildActionMask = 2147483647;
			files = (
				3F2FC7A22A6129570036AA88 /* ViewController.swift in Sources */,
				3F2FC79E2A6129570036AA88 /* AppDelegate.swift in Sources */,
				3F2FC7A02A6129570036AA88 /* SceneDelegate.swift in Sources */,
			);
			runOnlyForDeploymentPostprocessing = 0;
		};
		3F2FC7AC2A6129580036AA88 /* Sources */ = {
			isa = PBXSourcesBuildPhase;
			buildActionMask = 2147483647;
			files = (
				3F2FC7B52A6129580036AA88 /* addTasksTests.swift in Sources */,
			);
			runOnlyForDeploymentPostprocessing = 0;
		};
		3F2FC7B62A6129580036AA88 /* Sources */ = {
			isa = PBXSourcesBuildPhase;
			buildActionMask = 2147483647;
			files = (
				3F2FC7C12A6129580036AA88 /* addTasksUITestsLaunchTests.swift in Sources */,
				3F2FC7BF2A6129580036AA88 /* addTasksUITests.swift in Sources */,
			);
			runOnlyForDeploymentPostprocessing = 0;
		};
/* End PBXSourcesBuildPhase section */

/* Begin PBXTargetDependency section */
		3F2FC7B22A6129580036AA88 /* PBXTargetDependency */ = {
			isa = PBXTargetDependency;
			target = 3F2FC7992A6129570036AA88 /* addTasks */;
			targetProxy = 3F2FC7B12A6129580036AA88 /* PBXContainerItemProxy */;
		};
		3F2FC7BC2A6129580036AA88 /* PBXTargetDependency */ = {
			isa = PBXTargetDependency;
			target = 3F2FC7992A6129570036AA88 /* addTasks */;
			targetProxy = 3F2FC7BB2A6129580036AA88 /* PBXContainerItemProxy */;
		};
/* End PBXTargetDependency section */

/* Begin PBXVariantGroup section */
		3F2FC7A32A6129570036AA88 /* Main.storyboard */ = {
			isa = PBXVariantGroup;
			children = (
				3F2FC7A42A6129570036AA88 /* Base */,
			);
			name = Main.storyboard;
			sourceTree = "<group>";
		};
		3F2FC7A82A6129580036AA88 /* LaunchScreen.storyboard */ = {
			isa = PBXVariantGroup;
			children = (
				3F2FC7A92A6129580036AA88 /* Base */,
			);
			name = LaunchScreen.storyboard;
			sourceTree = "<group>";
		};
/* End PBXVariantGroup section */

/* Begin XCBuildConfiguration section */
		3F2FC7C22A6129580036AA88 /* Debug */ = {
			isa = XCBuildConfiguration;
			buildSettings = {
				ALWAYS_SEARCH_USER_PATHS = NO;
				CLANG_ANALYZER_NONNULL = YES;
				CLANG_ANALYZER_NUMBER_OBJECT_CONVERSION = YES_AGGRESSIVE;
				CLANG_CXX_LANGUAGE_STANDARD = "gnu++20";
				CLANG_ENABLE_MODULES = YES;
				CLANG_ENABLE_OBJC_ARC = YES;
				CLANG_ENABLE_OBJC_WEAK = YES;
				CLANG_WARN_BLOCK_CAPTURE_AUTORELEASING = YES;
				CLANG_WARN_BOOL_CONVERSION = YES;
				CLANG_WARN_COMMA = YES;
				CLANG_WARN_CONSTANT_CONVERSION = YES;
				CLANG_WARN_DEPRECATED_OBJC_IMPLEMENTATIONS = YES;
				CLANG_WARN_DIRECT_OBJC_ISA_USAGE = YES_ERROR;
				CLANG_WARN_DOCUMENTATION_COMMENTS = YES;
				CLANG_WARN_EMPTY_BODY = YES;
				CLANG_WARN_ENUM_CONVERSION = YES;
				CLANG_WARN_INFINITE_RECURSION = YES;
				CLANG_WARN_INT_CONVERSION = YES;
				CLANG_WARN_NON_LITERAL_NULL_CONVERSION = YES;
				CLANG_WARN_OBJC_IMPLICIT_RETAIN_SELF = YES;
				CLANG_WARN_OBJC_LITERAL_CONVERSION = YES;
				CLANG_WARN_OBJC_ROOT_CLASS = YES_ERROR;
				CLANG_WARN_QUOTED_INCLUDE_IN_FRAMEWORK_HEADER = YES;
				CLANG_WARN_RANGE_LOOP_ANALYSIS = YES;
				CLANG_WARN_STRICT_PROTOTYPES = YES;
				CLANG_WARN_SUSPICIOUS_MOVE = YES;
				CLANG_WARN_UNGUARDED_AVAILABILITY = YES_AGGRESSIVE;
				CLANG_WARN_UNREACHABLE_CODE = YES;
				CLANG_WARN__DUPLICATE_METHOD_MATCH = YES;
				COPY_PHASE_STRIP = NO;
				DEBUG_INFORMATION_FORMAT = dwarf;
				ENABLE_STRICT_OBJC_MSGSEND = YES;
				ENABLE_TESTABILITY = YES;
				GCC_C_LANGUAGE_STANDARD = gnu11;
				GCC_DYNAMIC_NO_PIC = NO;
				GCC_NO_COMMON_BLOCKS = YES;
				GCC_OPTIMIZATION_LEVEL = 0;
				GCC_PREPROCESSOR_DEFINITIONS = (
					"DEBUG=1",
					"$(inherited)",
				);
				GCC_WARN_64_TO_32_BIT_CONVERSION = YES;
				GCC_WARN_ABOUT_RETURN_TYPE = YES_ERROR;
				GCC_WARN_UNDECLARED_SELECTOR = YES;
				GCC_WARN_UNINITIALIZED_AUTOS = YES_AGGRESSIVE;
				GCC_WARN_UNUSED_FUNCTION = YES;
				GCC_WARN_UNUSED_VARIABLE = YES;
				IPHONEOS_DEPLOYMENT_TARGET = 16.2;
				MTL_ENABLE_DEBUG_INFO = INCLUDE_SOURCE;
				MTL_FAST_MATH = YES;
				ONLY_ACTIVE_ARCH = YES;
				SDKROOT = iphoneos;
				SWIFT_ACTIVE_COMPILATION_CONDITIONS = DEBUG;
				SWIFT_OPTIMIZATION_LEVEL = "-Onone";
			};
			name = Debug;
		};
		3F2FC7C32A6129580036AA88 /* Release */ = {
			isa = XCBuildConfiguration;
			buildSettings = {
				ALWAYS_SEARCH_USER_PATHS = NO;
				CLANG_ANALYZER_NONNULL = YES;
				CLANG_ANALYZER_NUMBER_OBJECT_CONVERSION = YES_AGGRESSIVE;
				CLANG_CXX_LANGUAGE_STANDARD = "gnu++20";
				CLANG_ENABLE_MODULES = YES;
				CLANG_ENABLE_OBJC_ARC = YES;
				CLANG_ENABLE_OBJC_WEAK = YES;
				CLANG_WARN_BLOCK_CAPTURE_AUTORELEASING = YES;
				CLANG_WARN_BOOL_CONVERSION = YES;
				CLANG_WARN_COMMA = YES;
				CLANG_WARN_CONSTANT_CONVERSION = YES;
				CLANG_WARN_DEPRECATED_OBJC_IMPLEMENTATIONS = YES;
				CLANG_WARN_DIRECT_OBJC_ISA_USAGE = YES_ERROR;
				CLANG_WARN_DOCUMENTATION_COMMENTS = YES;
				CLANG_WARN_EMPTY_BODY = YES;
				CLANG_WARN_ENUM_CONVERSION = YES;
				CLANG_WARN_INFINITE_RECURSION = YES;
				CLANG_WARN_INT_CONVERSION = YES;
				CLANG_WARN_NON_LITERAL_NULL_CONVERSION = YES;
				CLANG_WARN_OBJC_IMPLICIT_RETAIN_SELF = YES;
				CLANG_WARN_OBJC_LITERAL_CONVERSION = YES;
				CLANG_WARN_OBJC_ROOT_CLASS = YES_ERROR;
				CLANG_WARN_QUOTED_INCLUDE_IN_FRAMEWORK_HEADER = YES;
				CLANG_WARN_RANGE_LOOP_ANALYSIS = YES;
				CLANG_WARN_STRICT_PROTOTYPES = YES;
				CLANG_WARN_SUSPICIOUS_MOVE = YES;
				CLANG_WARN_UNGUARDED_AVAILABILITY = YES_AGGRESSIVE;
				CLANG_WARN_UNREACHABLE_CODE = YES;
				CLANG_WARN__DUPLICATE_METHOD_MATCH = YES;
				COPY_PHASE_STRIP = NO;
				DEBUG_INFORMATION_FORMAT = "dwarf-with-dsym";
				ENABLE_NS_ASSERTIONS = NO;
				ENABLE_STRICT_OBJC_MSGSEND = YES;
				GCC_C_LANGUAGE_STANDARD = gnu11;
				GCC_NO_COMMON_BLOCKS = YES;
				GCC_WARN_64_TO_32_BIT_CONVERSION = YES;
				GCC_WARN_ABOUT_RETURN_TYPE = YES_ERROR;
				GCC_WARN_UNDECLARED_SELECTOR = YES;
				GCC_WARN_UNINITIALIZED_AUTOS = YES_AGGRESSIVE;
				GCC_WARN_UNUSED_FUNCTION = YES;
				GCC_WARN_UNUSED_VARIABLE = YES;
				IPHONEOS_DEPLOYMENT_TARGET = 16.2;
				MTL_ENABLE_DEBUG_INFO = NO;
				MTL_FAST_MATH = YES;
				SDKROOT = iphoneos;
				SWIFT_COMPILATION_MODE = wholemodule;
				SWIFT_OPTIMIZATION_LEVEL = "-O";
				VALIDATE_PRODUCT = YES;
			};
			name = Release;
		};
		3F2FC7C52A6129580036AA88 /* Debug */ = {
			isa = XCBuildConfiguration;
			buildSettings = {
				ASSETCATALOG_COMPILER_APPICON_NAME = AppIcon;
				ASSETCATALOG_COMPILER_GLOBAL_ACCENT_COLOR_NAME = AccentColor;
				CODE_SIGN_STYLE = Automatic;
				CURRENT_PROJECT_VERSION = 1;
				DEVELOPMENT_TEAM = KT22AUQWMB;
				GENERATE_INFOPLIST_FILE = YES;
				INFOPLIST_FILE = addTasks/Info.plist;
				INFOPLIST_KEY_UIApplicationSupportsIndirectInputEvents = YES;
				INFOPLIST_KEY_UILaunchStoryboardName = LaunchScreen;
				INFOPLIST_KEY_UIMainStoryboardFile = Main;
				INFOPLIST_KEY_UISupportedInterfaceOrientations_iPad = "UIInterfaceOrientationPortrait UIInterfaceOrientationPortraitUpsideDown UIInterfaceOrientationLandscapeLeft UIInterfaceOrientationLandscapeRight";
				INFOPLIST_KEY_UISupportedInterfaceOrientations_iPhone = "UIInterfaceOrientationPortrait UIInterfaceOrientationLandscapeLeft UIInterfaceOrientationLandscapeRight";
				LD_RUNPATH_SEARCH_PATHS = (
					"$(inherited)",
					"@executable_path/Frameworks",
				);
				MARKETING_VERSION = 1.0;
				PRODUCT_BUNDLE_IDENTIFIER = "-23.addTasks";
				PRODUCT_NAME = "$(TARGET_NAME)";
				SWIFT_EMIT_LOC_STRINGS = YES;
				SWIFT_VERSION = 5.0;
				TARGETED_DEVICE_FAMILY = "1,2";
			};
			name = Debug;
		};
		3F2FC7C62A6129580036AA88 /* Release */ = {
			isa = XCBuildConfiguration;
			buildSettings = {
				ASSETCATALOG_COMPILER_APPICON_NAME = AppIcon;
				ASSETCATALOG_COMPILER_GLOBAL_ACCENT_COLOR_NAME = AccentColor;
				CODE_SIGN_STYLE = Automatic;
				CURRENT_PROJECT_VERSION = 1;
				DEVELOPMENT_TEAM = KT22AUQWMB;
				GENERATE_INFOPLIST_FILE = YES;
				INFOPLIST_FILE = addTasks/Info.plist;
				INFOPLIST_KEY_UIApplicationSupportsIndirectInputEvents = YES;
				INFOPLIST_KEY_UILaunchStoryboardName = LaunchScreen;
				INFOPLIST_KEY_UIMainStoryboardFile = Main;
				INFOPLIST_KEY_UISupportedInterfaceOrientations_iPad = "UIInterfaceOrientationPortrait UIInterfaceOrientationPortraitUpsideDown UIInterfaceOrientationLandscapeLeft UIInterfaceOrientationLandscapeRight";
				INFOPLIST_KEY_UISupportedInterfaceOrientations_iPhone = "UIInterfaceOrientationPortrait UIInterfaceOrientationLandscapeLeft UIInterfaceOrientationLandscapeRight";
				LD_RUNPATH_SEARCH_PATHS = (
					"$(inherited)",
					"@executable_path/Frameworks",
				);
				MARKETING_VERSION = 1.0;
				PRODUCT_BUNDLE_IDENTIFIER = "-23.addTasks";
				PRODUCT_NAME = "$(TARGET_NAME)";
				SWIFT_EMIT_LOC_STRINGS = YES;
				SWIFT_VERSION = 5.0;
				TARGETED_DEVICE_FAMILY = "1,2";
			};
			name = Release;
		};
		3F2FC7C82A6129590036AA88 /* Debug */ = {
			isa = XCBuildConfiguration;
			buildSettings = {
				ALWAYS_EMBED_SWIFT_STANDARD_LIBRARIES = YES;
				BUNDLE_LOADER = "$(TEST_HOST)";
				CODE_SIGN_STYLE = Automatic;
				CURRENT_PROJECT_VERSION = 1;
				DEVELOPMENT_TEAM = KT22AUQWMB;
				GENERATE_INFOPLIST_FILE = YES;
				IPHONEOS_DEPLOYMENT_TARGET = 16.2;
				MARKETING_VERSION = 1.0;
				PRODUCT_BUNDLE_IDENTIFIER = "-23.addTasksTests";
				PRODUCT_NAME = "$(TARGET_NAME)";
				SWIFT_EMIT_LOC_STRINGS = NO;
				SWIFT_VERSION = 5.0;
				TARGETED_DEVICE_FAMILY = "1,2";
				TEST_HOST = "$(BUILT_PRODUCTS_DIR)/addTasks.app/$(BUNDLE_EXECUTABLE_FOLDER_PATH)/addTasks";
			};
			name = Debug;
		};
		3F2FC7C92A6129590036AA88 /* Release */ = {
			isa = XCBuildConfiguration;
			buildSettings = {
				ALWAYS_EMBED_SWIFT_STANDARD_LIBRARIES = YES;
				BUNDLE_LOADER = "$(TEST_HOST)";
				CODE_SIGN_STYLE = Automatic;
				CURRENT_PROJECT_VERSION = 1;
				DEVELOPMENT_TEAM = KT22AUQWMB;
				GENERATE_INFOPLIST_FILE = YES;
				IPHONEOS_DEPLOYMENT_TARGET = 16.2;
				MARKETING_VERSION = 1.0;
				PRODUCT_BUNDLE_IDENTIFIER = "-23.addTasksTests";
				PRODUCT_NAME = "$(TARGET_NAME)";
				SWIFT_EMIT_LOC_STRINGS = NO;
				SWIFT_VERSION = 5.0;
				TARGETED_DEVICE_FAMILY = "1,2";
				TEST_HOST = "$(BUILT_PRODUCTS_DIR)/addTasks.app/$(BUNDLE_EXECUTABLE_FOLDER_PATH)/addTasks";
			};
			name = Release;
		};
		3F2FC7CB2A6129590036AA88 /* Debug */ = {
			isa = XCBuildConfiguration;
			buildSettings = {
				ALWAYS_EMBED_SWIFT_STANDARD_LIBRARIES = YES;
				CODE_SIGN_STYLE = Automatic;
				CURRENT_PROJECT_VERSION = 1;
				DEVELOPMENT_TEAM = KT22AUQWMB;
				GENERATE_INFOPLIST_FILE = YES;
				MARKETING_VERSION = 1.0;
				PRODUCT_BUNDLE_IDENTIFIER = "-23.addTasksUITests";
				PRODUCT_NAME = "$(TARGET_NAME)";
				SWIFT_EMIT_LOC_STRINGS = NO;
				SWIFT_VERSION = 5.0;
				TARGETED_DEVICE_FAMILY = "1,2";
				TEST_TARGET_NAME = addTasks;
			};
			name = Debug;
		};
		3F2FC7CC2A6129590036AA88 /* Release */ = {
			isa = XCBuildConfiguration;
			buildSettings = {
				ALWAYS_EMBED_SWIFT_STANDARD_LIBRARIES = YES;
				CODE_SIGN_STYLE = Automatic;
				CURRENT_PROJECT_VERSION = 1;
				DEVELOPMENT_TEAM = KT22AUQWMB;
				GENERATE_INFOPLIST_FILE = YES;
				MARKETING_VERSION = 1.0;
				PRODUCT_BUNDLE_IDENTIFIER = "-23.addTasksUITests";
				PRODUCT_NAME = "$(TARGET_NAME)";
				SWIFT_EMIT_LOC_STRINGS = NO;
				SWIFT_VERSION = 5.0;
				TARGETED_DEVICE_FAMILY = "1,2";
				TEST_TARGET_NAME = addTasks;
			};
			name = Release;
		};
/* End XCBuildConfiguration section */

/* Begin XCConfigurationList section */
		3F2FC7952A6129570036AA88 /* Build configuration list for PBXProject "addTasks" */ = {
			isa = XCConfigurationList;
			buildConfigurations = (
				3F2FC7C22A6129580036AA88 /* Debug */,
				3F2FC7C32A6129580036AA88 /* Release */,
			);
			defaultConfigurationIsVisible = 0;
			defaultConfigurationName = Release;
		};
		3F2FC7C42A6129580036AA88 /* Build configuration list for PBXNativeTarget "addTasks" */ = {
			isa = XCConfigurationList;
			buildConfigurations = (
				3F2FC7C52A6129580036AA88 /* Debug */,
				3F2FC7C62A6129580036AA88 /* Release */,
			);
			defaultConfigurationIsVisible = 0;
			defaultConfigurationName = Release;
		};
		3F2FC7C72A6129590036AA88 /* Build configuration list for PBXNativeTarget "addTasksTests" */ = {
			isa = XCConfigurationList;
			buildConfigurations = (
				3F2FC7C82A6129590036AA88 /* Debug */,
				3F2FC7C92A6129590036AA88 /* Release */,
			);
			defaultConfigurationIsVisible = 0;
			defaultConfigurationName = Release;
		};
		3F2FC7CA2A6129590036AA88 /* Build configuration list for PBXNativeTarget "addTasksUITests" */ = {
			isa = XCConfigurationList;
			buildConfigurations = (
				3F2FC7CB2A6129590036AA88 /* Debug */,
				3F2FC7CC2A6129590036AA88 /* Release */,
			);
			defaultConfigurationIsVisible = 0;
			defaultConfigurationName = Release;
		};
/* End XCConfigurationList section */
	};
	rootObject = 3F2FC7922A6129570036AA88 /* Project object */;
}
